// !$*UTF8*$!
{
	archiveVersion = 1;
	classes = {
	};
	objectVersion = 55;
	objects = {

/* Begin PBXBuildFile section */
		00C1E7EF2750754FF2EA1B6A /* Pods_Parsetagram_ParsetagramUITests.framework in Frameworks */ = {isa = PBXBuildFile; fileRef = 59D7B58ACBE2866DB94D4BBE /* Pods_Parsetagram_ParsetagramUITests.framework */; };
		43EB5CA74412FD6A03BD5E91 /* Pods_Parsetagram.framework in Frameworks */ = {isa = PBXBuildFile; fileRef = 1D5CDB8A3BC1092B56E6CD18 /* Pods_Parsetagram.framework */; };
		861106A6271CF40600C03DE1 /* CommentCell.swift in Sources */ = {isa = PBXBuildFile; fileRef = 861106A5271CF40500C03DE1 /* CommentCell.swift */; };
		86CFC57627137361008F3993 /* AppDelegate.swift in Sources */ = {isa = PBXBuildFile; fileRef = 86CFC57527137361008F3993 /* AppDelegate.swift */; };
		86CFC57827137361008F3993 /* SceneDelegate.swift in Sources */ = {isa = PBXBuildFile; fileRef = 86CFC57727137361008F3993 /* SceneDelegate.swift */; };
		86CFC57D27137361008F3993 /* Main.storyboard in Resources */ = {isa = PBXBuildFile; fileRef = 86CFC57B27137361008F3993 /* Main.storyboard */; };
		86CFC57F27137364008F3993 /* Assets.xcassets in Resources */ = {isa = PBXBuildFile; fileRef = 86CFC57E27137364008F3993 /* Assets.xcassets */; };
		86CFC58227137364008F3993 /* LaunchScreen.storyboard in Resources */ = {isa = PBXBuildFile; fileRef = 86CFC58027137364008F3993 /* LaunchScreen.storyboard */; };
		86CFC58D27137365008F3993 /* ParsetagramTests.swift in Sources */ = {isa = PBXBuildFile; fileRef = 86CFC58C27137365008F3993 /* ParsetagramTests.swift */; };
		86CFC59727137365008F3993 /* ParsetagramUITests.swift in Sources */ = {isa = PBXBuildFile; fileRef = 86CFC59627137365008F3993 /* ParsetagramUITests.swift */; };
		86CFC59927137365008F3993 /* ParsetagramUITestsLaunchTests.swift in Sources */ = {isa = PBXBuildFile; fileRef = 86CFC59827137365008F3993 /* ParsetagramUITestsLaunchTests.swift */; };
		86EA897D27137E84004F59A4 /* loginViewController.swift in Sources */ = {isa = PBXBuildFile; fileRef = 86EA897C27137E84004F59A4 /* loginViewController.swift */; };
		86EA897F27137E96004F59A4 /* FeedViewController.swift in Sources */ = {isa = PBXBuildFile; fileRef = 86EA897E27137E96004F59A4 /* FeedViewController.swift */; };
		86EA89812713A8FA004F59A4 /* CameraViewController.swift in Sources */ = {isa = PBXBuildFile; fileRef = 86EA89802713A8FA004F59A4 /* CameraViewController.swift */; };
		86EA89832713BE4E004F59A4 /* PostCell.swift in Sources */ = {isa = PBXBuildFile; fileRef = 86EA89822713BE4E004F59A4 /* PostCell.swift */; };
		D56E75E05A9FE6EBAD99C94F /* Pods_ParsetagramTests.framework in Frameworks */ = {isa = PBXBuildFile; fileRef = 1E43080BAE3BBDF13AB472B2 /* Pods_ParsetagramTests.framework */; };
/* End PBXBuildFile section */

/* Begin PBXContainerItemProxy section */
		86CFC58927137365008F3993 /* PBXContainerItemProxy */ = {
			isa = PBXContainerItemProxy;
			containerPortal = 86CFC56A27137361008F3993 /* Project object */;
			proxyType = 1;
			remoteGlobalIDString = 86CFC57127137361008F3993;
			remoteInfo = Parsetagram;
		};
		86CFC59327137365008F3993 /* PBXContainerItemProxy */ = {
			isa = PBXContainerItemProxy;
			containerPortal = 86CFC56A27137361008F3993 /* Project object */;
			proxyType = 1;
			remoteGlobalIDString = 86CFC57127137361008F3993;
			remoteInfo = Parsetagram;
		};
/* End PBXContainerItemProxy section */

/* Begin PBXFileReference section */
		07A7085D9805E6BAAB7EE998 /* Pods-ParsetagramTests.debug.xcconfig */ = {isa = PBXFileReference; includeInIndex = 1; lastKnownFileType = text.xcconfig; name = "Pods-ParsetagramTests.debug.xcconfig"; path = "Target Support Files/Pods-ParsetagramTests/Pods-ParsetagramTests.debug.xcconfig"; sourceTree = "<group>"; };
		1D5CDB8A3BC1092B56E6CD18 /* Pods_Parsetagram.framework */ = {isa = PBXFileReference; explicitFileType = wrapper.framework; includeInIndex = 0; path = Pods_Parsetagram.framework; sourceTree = BUILT_PRODUCTS_DIR; };
		1E43080BAE3BBDF13AB472B2 /* Pods_ParsetagramTests.framework */ = {isa = PBXFileReference; explicitFileType = wrapper.framework; includeInIndex = 0; path = Pods_ParsetagramTests.framework; sourceTree = BUILT_PRODUCTS_DIR; };
		59D7B58ACBE2866DB94D4BBE /* Pods_Parsetagram_ParsetagramUITests.framework */ = {isa = PBXFileReference; explicitFileType = wrapper.framework; includeInIndex = 0; path = Pods_Parsetagram_ParsetagramUITests.framework; sourceTree = BUILT_PRODUCTS_DIR; };
		6D74528B66CAF74ACBB85640 /* Pods-Parsetagram.debug.xcconfig */ = {isa = PBXFileReference; includeInIndex = 1; lastKnownFileType = text.xcconfig; name = "Pods-Parsetagram.debug.xcconfig"; path = "Target Support Files/Pods-Parsetagram/Pods-Parsetagram.debug.xcconfig"; sourceTree = "<group>"; };
		7B454B0ACD1AA50D31C86FA6 /* Pods-Parsetagram-ParsetagramUITests.debug.xcconfig */ = {isa = PBXFileReference; includeInIndex = 1; lastKnownFileType = text.xcconfig; name = "Pods-Parsetagram-ParsetagramUITests.debug.xcconfig"; path = "Target Support Files/Pods-Parsetagram-ParsetagramUITests/Pods-Parsetagram-ParsetagramUITests.debug.xcconfig"; sourceTree = "<group>"; };
		861106A5271CF40500C03DE1 /* CommentCell.swift */ = {isa = PBXFileReference; lastKnownFileType = sourcecode.swift; path = CommentCell.swift; sourceTree = "<group>"; };
		86CFC57227137361008F3993 /* Parsetagram.app */ = {isa = PBXFileReference; explicitFileType = wrapper.application; includeInIndex = 0; path = Parsetagram.app; sourceTree = BUILT_PRODUCTS_DIR; };
		86CFC57527137361008F3993 /* AppDelegate.swift */ = {isa = PBXFileReference; lastKnownFileType = sourcecode.swift; path = AppDelegate.swift; sourceTree = "<group>"; };
		86CFC57727137361008F3993 /* SceneDelegate.swift */ = {isa = PBXFileReference; lastKnownFileType = sourcecode.swift; path = SceneDelegate.swift; sourceTree = "<group>"; };
		86CFC57C27137361008F3993 /* Base */ = {isa = PBXFileReference; lastKnownFileType = file.storyboard; name = Base; path = Base.lproj/Main.storyboard; sourceTree = "<group>"; };
		86CFC57E27137364008F3993 /* Assets.xcassets */ = {isa = PBXFileReference; lastKnownFileType = folder.assetcatalog; path = Assets.xcassets; sourceTree = "<group>"; };
		86CFC58127137364008F3993 /* Base */ = {isa = PBXFileReference; lastKnownFileType = file.storyboard; name = Base; path = Base.lproj/LaunchScreen.storyboard; sourceTree = "<group>"; };
		86CFC58327137364008F3993 /* Info.plist */ = {isa = PBXFileReference; lastKnownFileType = text.plist.xml; path = Info.plist; sourceTree = "<group>"; };
		86CFC58827137365008F3993 /* ParsetagramTests.xctest */ = {isa = PBXFileReference; explicitFileType = wrapper.cfbundle; includeInIndex = 0; path = ParsetagramTests.xctest; sourceTree = BUILT_PRODUCTS_DIR; };
		86CFC58C27137365008F3993 /* ParsetagramTests.swift */ = {isa = PBXFileReference; lastKnownFileType = sourcecode.swift; path = ParsetagramTests.swift; sourceTree = "<group>"; };
		86CFC59227137365008F3993 /* ParsetagramUITests.xctest */ = {isa = PBXFileReference; explicitFileType = wrapper.cfbundle; includeInIndex = 0; path = ParsetagramUITests.xctest; sourceTree = BUILT_PRODUCTS_DIR; };
		86CFC59627137365008F3993 /* ParsetagramUITests.swift */ = {isa = PBXFileReference; lastKnownFileType = sourcecode.swift; path = ParsetagramUITests.swift; sourceTree = "<group>"; };
		86CFC59827137365008F3993 /* ParsetagramUITestsLaunchTests.swift */ = {isa = PBXFileReference; lastKnownFileType = sourcecode.swift; path = ParsetagramUITestsLaunchTests.swift; sourceTree = "<group>"; };
		86EA897C27137E84004F59A4 /* loginViewController.swift */ = {isa = PBXFileReference; lastKnownFileType = sourcecode.swift; path = loginViewController.swift; sourceTree = "<group>"; };
		86EA897E27137E96004F59A4 /* FeedViewController.swift */ = {isa = PBXFileReference; lastKnownFileType = sourcecode.swift; path = FeedViewController.swift; sourceTree = "<group>"; };
		86EA89802713A8FA004F59A4 /* CameraViewController.swift */ = {isa = PBXFileReference; lastKnownFileType = sourcecode.swift; path = CameraViewController.swift; sourceTree = "<group>"; };
		86EA89822713BE4E004F59A4 /* PostCell.swift */ = {isa = PBXFileReference; lastKnownFileType = sourcecode.swift; path = PostCell.swift; sourceTree = "<group>"; };
		8CDA2FDE19131EBD0308A7FF /* Pods-Parsetagram-ParsetagramUITests.release.xcconfig */ = {isa = PBXFileReference; includeInIndex = 1; lastKnownFileType = text.xcconfig; name = "Pods-Parsetagram-ParsetagramUITests.release.xcconfig"; path = "Target Support Files/Pods-Parsetagram-ParsetagramUITests/Pods-Parsetagram-ParsetagramUITests.release.xcconfig"; sourceTree = "<group>"; };
		A9E3787BC7F50D906E6BB4D9 /* Pods-ParsetagramTests.release.xcconfig */ = {isa = PBXFileReference; includeInIndex = 1; lastKnownFileType = text.xcconfig; name = "Pods-ParsetagramTests.release.xcconfig"; path = "Target Support Files/Pods-ParsetagramTests/Pods-ParsetagramTests.release.xcconfig"; sourceTree = "<group>"; };
		E452E123905ABAF948BA160A /* Pods-Parsetagram.release.xcconfig */ = {isa = PBXFileReference; includeInIndex = 1; lastKnownFileType = text.xcconfig; name = "Pods-Parsetagram.release.xcconfig"; path = "Target Support Files/Pods-Parsetagram/Pods-Parsetagram.release.xcconfig"; sourceTree = "<group>"; };
/* End PBXFileReference section */

/* Begin PBXFrameworksBuildPhase section */
		86CFC56F27137361008F3993 /* Frameworks */ = {
			isa = PBXFrameworksBuildPhase;
			buildActionMask = 2147483647;
			files = (
				43EB5CA74412FD6A03BD5E91 /* Pods_Parsetagram.framework in Frameworks */,
			);
			runOnlyForDeploymentPostprocessing = 0;
		};
		86CFC58527137365008F3993 /* Frameworks */ = {
			isa = PBXFrameworksBuildPhase;
			buildActionMask = 2147483647;
			files = (
				D56E75E05A9FE6EBAD99C94F /* Pods_ParsetagramTests.framework in Frameworks */,
			);
			runOnlyForDeploymentPostprocessing = 0;
		};
		86CFC58F27137365008F3993 /* Frameworks */ = {
			isa = PBXFrameworksBuildPhase;
			buildActionMask = 2147483647;
			files = (
				00C1E7EF2750754FF2EA1B6A /* Pods_Parsetagram_ParsetagramUITests.framework in Frameworks */,
			);
			runOnlyForDeploymentPostprocessing = 0;
		};
/* End PBXFrameworksBuildPhase section */

/* Begin PBXGroup section */
		1105B1BF922FB8E9EAF00A0B /* Pods */ = {
			isa = PBXGroup;
			children = (
				6D74528B66CAF74ACBB85640 /* Pods-Parsetagram.debug.xcconfig */,
				E452E123905ABAF948BA160A /* Pods-Parsetagram.release.xcconfig */,
				7B454B0ACD1AA50D31C86FA6 /* Pods-Parsetagram-ParsetagramUITests.debug.xcconfig */,
				8CDA2FDE19131EBD0308A7FF /* Pods-Parsetagram-ParsetagramUITests.release.xcconfig */,
				07A7085D9805E6BAAB7EE998 /* Pods-ParsetagramTests.debug.xcconfig */,
				A9E3787BC7F50D906E6BB4D9 /* Pods-ParsetagramTests.release.xcconfig */,
			);
			path = Pods;
			sourceTree = "<group>";
		};
		1E18A17DEAE24BE2B508490D /* Frameworks */ = {
			isa = PBXGroup;
			children = (
				1D5CDB8A3BC1092B56E6CD18 /* Pods_Parsetagram.framework */,
				59D7B58ACBE2866DB94D4BBE /* Pods_Parsetagram_ParsetagramUITests.framework */,
				1E43080BAE3BBDF13AB472B2 /* Pods_ParsetagramTests.framework */,
			);
			name = Frameworks;
			sourceTree = "<group>";
		};
		86CFC56927137361008F3993 = {
			isa = PBXGroup;
			children = (
				86CFC57427137361008F3993 /* Parsetagram */,
				86CFC58B27137365008F3993 /* ParsetagramTests */,
				86CFC59527137365008F3993 /* ParsetagramUITests */,
				86CFC57327137361008F3993 /* Products */,
				1105B1BF922FB8E9EAF00A0B /* Pods */,
				1E18A17DEAE24BE2B508490D /* Frameworks */,
			);
			sourceTree = "<group>";
		};
		86CFC57327137361008F3993 /* Products */ = {
			isa = PBXGroup;
			children = (
				86CFC57227137361008F3993 /* Parsetagram.app */,
				86CFC58827137365008F3993 /* ParsetagramTests.xctest */,
				86CFC59227137365008F3993 /* ParsetagramUITests.xctest */,
			);
			name = Products;
			sourceTree = "<group>";
		};
		86CFC57427137361008F3993 /* Parsetagram */ = {
			isa = PBXGroup;
			children = (
				86CFC57527137361008F3993 /* AppDelegate.swift */,
				86CFC57727137361008F3993 /* SceneDelegate.swift */,
				86CFC57B27137361008F3993 /* Main.storyboard */,
				86CFC57E27137364008F3993 /* Assets.xcassets */,
				86CFC58027137364008F3993 /* LaunchScreen.storyboard */,
				86CFC58327137364008F3993 /* Info.plist */,
				86EA897C27137E84004F59A4 /* loginViewController.swift */,
				86EA897E27137E96004F59A4 /* FeedViewController.swift */,
				86EA89802713A8FA004F59A4 /* CameraViewController.swift */,
				86EA89822713BE4E004F59A4 /* PostCell.swift */,
				861106A5271CF40500C03DE1 /* CommentCell.swift */,
			);
			path = Parsetagram;
			sourceTree = "<group>";
		};
		86CFC58B27137365008F3993 /* ParsetagramTests */ = {
			isa = PBXGroup;
			children = (
				86CFC58C27137365008F3993 /* ParsetagramTests.swift */,
			);
			path = ParsetagramTests;
			sourceTree = "<group>";
		};
		86CFC59527137365008F3993 /* ParsetagramUITests */ = {
			isa = PBXGroup;
			children = (
				86CFC59627137365008F3993 /* ParsetagramUITests.swift */,
				86CFC59827137365008F3993 /* ParsetagramUITestsLaunchTests.swift */,
			);
			path = ParsetagramUITests;
			sourceTree = "<group>";
		};
/* End PBXGroup section */

/* Begin PBXNativeTarget section */
		86CFC57127137361008F3993 /* Parsetagram */ = {
			isa = PBXNativeTarget;
			buildConfigurationList = 86CFC59C27137365008F3993 /* Build configuration list for PBXNativeTarget "Parsetagram" */;
			buildPhases = (
				53A64AB47E40C18747B996FC /* [CP] Check Pods Manifest.lock */,
				86CFC56E27137361008F3993 /* Sources */,
				86CFC56F27137361008F3993 /* Frameworks */,
				86CFC57027137361008F3993 /* Resources */,
				DDE1AB9FE9B6740C1FA2295D /* [CP] Embed Pods Frameworks */,
			);
			buildRules = (
			);
			dependencies = (
			);
			name = Parsetagram;
			productName = Parsetagram;
			productReference = 86CFC57227137361008F3993 /* Parsetagram.app */;
			productType = "com.apple.product-type.application";
		};
		86CFC58727137365008F3993 /* ParsetagramTests */ = {
			isa = PBXNativeTarget;
			buildConfigurationList = 86CFC59F27137365008F3993 /* Build configuration list for PBXNativeTarget "ParsetagramTests" */;
			buildPhases = (
				A99FBD6B7CDE3704D822345F /* [CP] Check Pods Manifest.lock */,
				86CFC58427137365008F3993 /* Sources */,
				86CFC58527137365008F3993 /* Frameworks */,
				86CFC58627137365008F3993 /* Resources */,
			);
			buildRules = (
			);
			dependencies = (
				86CFC58A27137365008F3993 /* PBXTargetDependency */,
			);
			name = ParsetagramTests;
			productName = ParsetagramTests;
			productReference = 86CFC58827137365008F3993 /* ParsetagramTests.xctest */;
			productType = "com.apple.product-type.bundle.unit-test";
		};
		86CFC59127137365008F3993 /* ParsetagramUITests */ = {
			isa = PBXNativeTarget;
			buildConfigurationList = 86CFC5A227137365008F3993 /* Build configuration list for PBXNativeTarget "ParsetagramUITests" */;
			buildPhases = (
				0D131D495FC0DD5C4B4C91E4 /* [CP] Check Pods Manifest.lock */,
				86CFC58E27137365008F3993 /* Sources */,
				86CFC58F27137365008F3993 /* Frameworks */,
				86CFC59027137365008F3993 /* Resources */,
				F3C2D1A874F1C2E194689B50 /* [CP] Embed Pods Frameworks */,
			);
			buildRules = (
			);
			dependencies = (
				86CFC59427137365008F3993 /* PBXTargetDependency */,
			);
			name = ParsetagramUITests;
			productName = ParsetagramUITests;
			productReference = 86CFC59227137365008F3993 /* ParsetagramUITests.xctest */;
			productType = "com.apple.product-type.bundle.ui-testing";
		};
/* End PBXNativeTarget section */

/* Begin PBXProject section */
		86CFC56A27137361008F3993 /* Project object */ = {
			isa = PBXProject;
			attributes = {
				BuildIndependentTargetsInParallel = 1;
				LastSwiftUpdateCheck = 1300;
				LastUpgradeCheck = 1300;
				TargetAttributes = {
					86CFC57127137361008F3993 = {
						CreatedOnToolsVersion = 13.0;
					};
					86CFC58727137365008F3993 = {
						CreatedOnToolsVersion = 13.0;
						TestTargetID = 86CFC57127137361008F3993;
					};
					86CFC59127137365008F3993 = {
						CreatedOnToolsVersion = 13.0;
						TestTargetID = 86CFC57127137361008F3993;
					};
				};
			};
			buildConfigurationList = 86CFC56D27137361008F3993 /* Build configuration list for PBXProject "Parsetagram" */;
			compatibilityVersion = "Xcode 13.0";
			developmentRegion = en;
			hasScannedForEncodings = 0;
			knownRegions = (
				en,
				Base,
			);
			mainGroup = 86CFC56927137361008F3993;
			productRefGroup = 86CFC57327137361008F3993 /* Products */;
			projectDirPath = "";
			projectRoot = "";
			targets = (
				86CFC57127137361008F3993 /* Parsetagram */,
				86CFC58727137365008F3993 /* ParsetagramTests */,
				86CFC59127137365008F3993 /* ParsetagramUITests */,
			);
		};
/* End PBXProject section */

/* Begin PBXResourcesBuildPhase section */
		86CFC57027137361008F3993 /* Resources */ = {
			isa = PBXResourcesBuildPhase;
			buildActionMask = 2147483647;
			files = (
				86CFC58227137364008F3993 /* LaunchScreen.storyboard in Resources */,
				86CFC57F27137364008F3993 /* Assets.xcassets in Resources */,
				86CFC57D27137361008F3993 /* Main.storyboard in Resources */,
			);
			runOnlyForDeploymentPostprocessing = 0;
		};
		86CFC58627137365008F3993 /* Resources */ = {
			isa = PBXResourcesBuildPhase;
			buildActionMask = 2147483647;
			files = (
			);
			runOnlyForDeploymentPostprocessing = 0;
		};
		86CFC59027137365008F3993 /* Resources */ = {
			isa = PBXResourcesBuildPhase;
			buildActionMask = 2147483647;
			files = (
			);
			runOnlyForDeploymentPostprocessing = 0;
		};
/* End PBXResourcesBuildPhase section */

/* Begin PBXShellScriptBuildPhase section */
		0D131D495FC0DD5C4B4C91E4 /* [CP] Check Pods Manifest.lock */ = {
			isa = PBXShellScriptBuildPhase;
			buildActionMask = 2147483647;
			files = (
			);
			inputFileListPaths = (
			);
			inputPaths = (
				"${PODS_PODFILE_DIR_PATH}/Podfile.lock",
				"${PODS_ROOT}/Manifest.lock",
			);
			name = "[CP] Check Pods Manifest.lock";
			outputFileListPaths = (
			);
			outputPaths = (
				"$(DERIVED_FILE_DIR)/Pods-Parsetagram-ParsetagramUITests-checkManifestLockResult.txt",
			);
			runOnlyForDeploymentPostprocessing = 0;
			shellPath = /bin/sh;
			shellScript = "diff \"${PODS_PODFILE_DIR_PATH}/Podfile.lock\" \"${PODS_ROOT}/Manifest.lock\" > /dev/null\nif [ $? != 0 ] ; then\n    # print error to STDERR\n    echo \"error: The sandbox is not in sync with the Podfile.lock. Run 'pod install' or update your CocoaPods installation.\" >&2\n    exit 1\nfi\n# This output is used by Xcode 'outputs' to avoid re-running this script phase.\necho \"SUCCESS\" > \"${SCRIPT_OUTPUT_FILE_0}\"\n";
			showEnvVarsInLog = 0;
		};
		53A64AB47E40C18747B996FC /* [CP] Check Pods Manifest.lock */ = {
			isa = PBXShellScriptBuildPhase;
			buildActionMask = 2147483647;
			files = (
			);
			inputFileListPaths = (
			);
			inputPaths = (
				"${PODS_PODFILE_DIR_PATH}/Podfile.lock",
				"${PODS_ROOT}/Manifest.lock",
			);
			name = "[CP] Check Pods Manifest.lock";
			outputFileListPaths = (
			);
			outputPaths = (
				"$(DERIVED_FILE_DIR)/Pods-Parsetagram-checkManifestLockResult.txt",
			);
			runOnlyForDeploymentPostprocessing = 0;
			shellPath = /bin/sh;
			shellScript = "diff \"${PODS_PODFILE_DIR_PATH}/Podfile.lock\" \"${PODS_ROOT}/Manifest.lock\" > /dev/null\nif [ $? != 0 ] ; then\n    # print error to STDERR\n    echo \"error: The sandbox is not in sync with the Podfile.lock. Run 'pod install' or update your CocoaPods installation.\" >&2\n    exit 1\nfi\n# This output is used by Xcode 'outputs' to avoid re-running this script phase.\necho \"SUCCESS\" > \"${SCRIPT_OUTPUT_FILE_0}\"\n";
			showEnvVarsInLog = 0;
		};
		A99FBD6B7CDE3704D822345F /* [CP] Check Pods Manifest.lock */ = {
			isa = PBXShellScriptBuildPhase;
			buildActionMask = 2147483647;
			files = (
			);
			inputFileListPaths = (
			);
			inputPaths = (
				"${PODS_PODFILE_DIR_PATH}/Podfile.lock",
				"${PODS_ROOT}/Manifest.lock",
			);
			name = "[CP] Check Pods Manifest.lock";
			outputFileListPaths = (
			);
			outputPaths = (
				"$(DERIVED_FILE_DIR)/Pods-ParsetagramTests-checkManifestLockResult.txt",
			);
			runOnlyForDeploymentPostprocessing = 0;
			shellPath = /bin/sh;
			shellScript = "diff \"${PODS_PODFILE_DIR_PATH}/Podfile.lock\" \"${PODS_ROOT}/Manifest.lock\" > /dev/null\nif [ $? != 0 ] ; then\n    # print error to STDERR\n    echo \"error: The sandbox is not in sync with the Podfile.lock. Run 'pod install' or update your CocoaPods installation.\" >&2\n    exit 1\nfi\n# This output is used by Xcode 'outputs' to avoid re-running this script phase.\necho \"SUCCESS\" > \"${SCRIPT_OUTPUT_FILE_0}\"\n";
			showEnvVarsInLog = 0;
		};
		DDE1AB9FE9B6740C1FA2295D /* [CP] Embed Pods Frameworks */ = {
			isa = PBXShellScriptBuildPhase;
			buildActionMask = 2147483647;
			files = (
			);
			inputFileListPaths = (
				"${PODS_ROOT}/Target Support Files/Pods-Parsetagram/Pods-Parsetagram-frameworks-${CONFIGURATION}-input-files.xcfilelist",
			);
			name = "[CP] Embed Pods Frameworks";
			outputFileListPaths = (
				"${PODS_ROOT}/Target Support Files/Pods-Parsetagram/Pods-Parsetagram-frameworks-${CONFIGURATION}-output-files.xcfilelist",
			);
			runOnlyForDeploymentPostprocessing = 0;
			shellPath = /bin/sh;
			shellScript = "\"${PODS_ROOT}/Target Support Files/Pods-Parsetagram/Pods-Parsetagram-frameworks.sh\"\n";
			showEnvVarsInLog = 0;
		};
		F3C2D1A874F1C2E194689B50 /* [CP] Embed Pods Frameworks */ = {
			isa = PBXShellScriptBuildPhase;
			buildActionMask = 2147483647;
			files = (
			);
			inputFileListPaths = (
				"${PODS_ROOT}/Target Support Files/Pods-Parsetagram-ParsetagramUITests/Pods-Parsetagram-ParsetagramUITests-frameworks-${CONFIGURATION}-input-files.xcfilelist",
			);
			name = "[CP] Embed Pods Frameworks";
			outputFileListPaths = (
				"${PODS_ROOT}/Target Support Files/Pods-Parsetagram-ParsetagramUITests/Pods-Parsetagram-ParsetagramUITests-frameworks-${CONFIGURATION}-output-files.xcfilelist",
			);
			runOnlyForDeploymentPostprocessing = 0;
			shellPath = /bin/sh;
			shellScript = "\"${PODS_ROOT}/Target Support Files/Pods-Parsetagram-ParsetagramUITests/Pods-Parsetagram-ParsetagramUITests-frameworks.sh\"\n";
			showEnvVarsInLog = 0;
		};
/* End PBXShellScriptBuildPhase section */

/* Begin PBXSourcesBuildPhase section */
		86CFC56E27137361008F3993 /* Sources */ = {
			isa = PBXSourcesBuildPhase;
			buildActionMask = 2147483647;
			files = (
				86CFC57627137361008F3993 /* AppDelegate.swift in Sources */,
				86EA89812713A8FA004F59A4 /* CameraViewController.swift in Sources */,
				86CFC57827137361008F3993 /* SceneDelegate.swift in Sources */,
				86EA897F27137E96004F59A4 /* FeedViewController.swift in Sources */,
				86EA897D27137E84004F59A4 /* loginViewController.swift in Sources */,
				86EA89832713BE4E004F59A4 /* PostCell.swift in Sources */,
				861106A6271CF40600C03DE1 /* CommentCell.swift in Sources */,
			);
			runOnlyForDeploymentPostprocessing = 0;
		};
		86CFC58427137365008F3993 /* Sources */ = {
			isa = PBXSourcesBuildPhase;
			buildActionMask = 2147483647;
			files = (
				86CFC58D27137365008F3993 /* ParsetagramTests.swift in Sources */,
			);
			runOnlyForDeploymentPostprocessing = 0;
		};
		86CFC58E27137365008F3993 /* Sources */ = {
			isa = PBXSourcesBuildPhase;
			buildActionMask = 2147483647;
			files = (
				86CFC59927137365008F3993 /* ParsetagramUITestsLaunchTests.swift in Sources */,
				86CFC59727137365008F3993 /* ParsetagramUITests.swift in Sources */,
			);
			runOnlyForDeploymentPostprocessing = 0;
		};
/* End PBXSourcesBuildPhase section */

/* Begin PBXTargetDependency section */
		86CFC58A27137365008F3993 /* PBXTargetDependency */ = {
			isa = PBXTargetDependency;
			target = 86CFC57127137361008F3993 /* Parsetagram */;
			targetProxy = 86CFC58927137365008F3993 /* PBXContainerItemProxy */;
		};
		86CFC59427137365008F3993 /* PBXTargetDependency */ = {
			isa = PBXTargetDependency;
			target = 86CFC57127137361008F3993 /* Parsetagram */;
			targetProxy = 86CFC59327137365008F3993 /* PBXContainerItemProxy */;
		};
/* End PBXTargetDependency section */

/* Begin PBXVariantGroup section */
		86CFC57B27137361008F3993 /* Main.storyboard */ = {
			isa = PBXVariantGroup;
			children = (
				86CFC57C27137361008F3993 /* Base */,
			);
			name = Main.storyboard;
			sourceTree = "<group>";
		};
		86CFC58027137364008F3993 /* LaunchScreen.storyboard */ = {
			isa = PBXVariantGroup;
			children = (
				86CFC58127137364008F3993 /* Base */,
			);
			name = LaunchScreen.storyboard;
			sourceTree = "<group>";
		};
/* End PBXVariantGroup section */

/* Begin XCBuildConfiguration section */
		86CFC59A27137365008F3993 /* Debug */ = {
			isa = XCBuildConfiguration;
			buildSettings = {
				ALWAYS_SEARCH_USER_PATHS = NO;
				CLANG_ANALYZER_NONNULL = YES;
				CLANG_ANALYZER_NUMBER_OBJECT_CONVERSION = YES_AGGRESSIVE;
				CLANG_CXX_LANGUAGE_STANDARD = "gnu++17";
				CLANG_CXX_LIBRARY = "libc++";
				CLANG_ENABLE_MODULES = YES;
				CLANG_ENABLE_OBJC_ARC = YES;
				CLANG_ENABLE_OBJC_WEAK = YES;
				CLANG_WARN_BLOCK_CAPTURE_AUTORELEASING = YES;
				CLANG_WARN_BOOL_CONVERSION = YES;
				CLANG_WARN_COMMA = YES;
				CLANG_WARN_CONSTANT_CONVERSION = YES;
				CLANG_WARN_DEPRECATED_OBJC_IMPLEMENTATIONS = YES;
				CLANG_WARN_DIRECT_OBJC_ISA_USAGE = YES_ERROR;
				CLANG_WARN_DOCUMENTATION_COMMENTS = YES;
				CLANG_WARN_EMPTY_BODY = YES;
				CLANG_WARN_ENUM_CONVERSION = YES;
				CLANG_WARN_INFINITE_RECURSION = YES;
				CLANG_WARN_INT_CONVERSION = YES;
				CLANG_WARN_NON_LITERAL_NULL_CONVERSION = YES;
				CLANG_WARN_OBJC_IMPLICIT_RETAIN_SELF = YES;
				CLANG_WARN_OBJC_LITERAL_CONVERSION = YES;
				CLANG_WARN_OBJC_ROOT_CLASS = YES_ERROR;
				CLANG_WARN_QUOTED_INCLUDE_IN_FRAMEWORK_HEADER = YES;
				CLANG_WARN_RANGE_LOOP_ANALYSIS = YES;
				CLANG_WARN_STRICT_PROTOTYPES = YES;
				CLANG_WARN_SUSPICIOUS_MOVE = YES;
				CLANG_WARN_UNGUARDED_AVAILABILITY = YES_AGGRESSIVE;
				CLANG_WARN_UNREACHABLE_CODE = YES;
				CLANG_WARN__DUPLICATE_METHOD_MATCH = YES;
				COPY_PHASE_STRIP = NO;
				DEBUG_INFORMATION_FORMAT = dwarf;
				ENABLE_STRICT_OBJC_MSGSEND = YES;
				ENABLE_TESTABILITY = YES;
				GCC_C_LANGUAGE_STANDARD = gnu11;
				GCC_DYNAMIC_NO_PIC = NO;
				GCC_NO_COMMON_BLOCKS = YES;
				GCC_OPTIMIZATION_LEVEL = 0;
				GCC_PREPROCESSOR_DEFINITIONS = (
					"DEBUG=1",
					"$(inherited)",
				);
				GCC_WARN_64_TO_32_BIT_CONVERSION = YES;
				GCC_WARN_ABOUT_RETURN_TYPE = YES_ERROR;
				GCC_WARN_UNDECLARED_SELECTOR = YES;
				GCC_WARN_UNINITIALIZED_AUTOS = YES_AGGRESSIVE;
				GCC_WARN_UNUSED_FUNCTION = YES;
				GCC_WARN_UNUSED_VARIABLE = YES;
				IPHONEOS_DEPLOYMENT_TARGET = 15.0;
				MTL_ENABLE_DEBUG_INFO = INCLUDE_SOURCE;
				MTL_FAST_MATH = YES;
				ONLY_ACTIVE_ARCH = YES;
				SDKROOT = iphoneos;
				SWIFT_ACTIVE_COMPILATION_CONDITIONS = DEBUG;
				SWIFT_OPTIMIZATION_LEVEL = "-Onone";
			};
			name = Debug;
		};
		86CFC59B27137365008F3993 /* Release */ = {
			isa = XCBuildConfiguration;
			buildSettings = {
				ALWAYS_SEARCH_USER_PATHS = NO;
				CLANG_ANALYZER_NONNULL = YES;
				CLANG_ANALYZER_NUMBER_OBJECT_CONVERSION = YES_AGGRESSIVE;
				CLANG_CXX_LANGUAGE_STANDARD = "gnu++17";
				CLANG_CXX_LIBRARY = "libc++";
				CLANG_ENABLE_MODULES = YES;
				CLANG_ENABLE_OBJC_ARC = YES;
				CLANG_ENABLE_OBJC_WEAK = YES;
				CLANG_WARN_BLOCK_CAPTURE_AUTORELEASING = YES;
				CLANG_WARN_BOOL_CONVERSION = YES;
				CLANG_WARN_COMMA = YES;
				CLANG_WARN_CONSTANT_CONVERSION = YES;
				CLANG_WARN_DEPRECATED_OBJC_IMPLEMENTATIONS = YES;
				CLANG_WARN_DIRECT_OBJC_ISA_USAGE = YES_ERROR;
				CLANG_WARN_DOCUMENTATION_COMMENTS = YES;
				CLANG_WARN_EMPTY_BODY = YES;
				CLANG_WARN_ENUM_CONVERSION = YES;
				CLANG_WARN_INFINITE_RECURSION = YES;
				CLANG_WARN_INT_CONVERSION = YES;
				CLANG_WARN_NON_LITERAL_NULL_CONVERSION = YES;
				CLANG_WARN_OBJC_IMPLICIT_RETAIN_SELF = YES;
				CLANG_WARN_OBJC_LITERAL_CONVERSION = YES;
				CLANG_WARN_OBJC_ROOT_CLASS = YES_ERROR;
				CLANG_WARN_QUOTED_INCLUDE_IN_FRAMEWORK_HEADER = YES;
				CLANG_WARN_RANGE_LOOP_ANALYSIS = YES;
				CLANG_WARN_STRICT_PROTOTYPES = YES;
				CLANG_WARN_SUSPICIOUS_MOVE = YES;
				CLANG_WARN_UNGUARDED_AVAILABILITY = YES_AGGRESSIVE;
				CLANG_WARN_UNREACHABLE_CODE = YES;
				CLANG_WARN__DUPLICATE_METHOD_MATCH = YES;
				COPY_PHASE_STRIP = NO;
				DEBUG_INFORMATION_FORMAT = "dwarf-with-dsym";
				ENABLE_NS_ASSERTIONS = NO;
				ENABLE_STRICT_OBJC_MSGSEND = YES;
				GCC_C_LANGUAGE_STANDARD = gnu11;
				GCC_NO_COMMON_BLOCKS = YES;
				GCC_WARN_64_TO_32_BIT_CONVERSION = YES;
				GCC_WARN_ABOUT_RETURN_TYPE = YES_ERROR;
				GCC_WARN_UNDECLARED_SELECTOR = YES;
				GCC_WARN_UNINITIALIZED_AUTOS = YES_AGGRESSIVE;
				GCC_WARN_UNUSED_FUNCTION = YES;
				GCC_WARN_UNUSED_VARIABLE = YES;
				IPHONEOS_DEPLOYMENT_TARGET = 15.0;
				MTL_ENABLE_DEBUG_INFO = NO;
				MTL_FAST_MATH = YES;
				SDKROOT = iphoneos;
				SWIFT_COMPILATION_MODE = wholemodule;
				SWIFT_OPTIMIZATION_LEVEL = "-O";
				VALIDATE_PRODUCT = YES;
			};
			name = Release;
		};
		86CFC59D27137365008F3993 /* Debug */ = {
			isa = XCBuildConfiguration;
			baseConfigurationReference = 6D74528B66CAF74ACBB85640 /* Pods-Parsetagram.debug.xcconfig */;
			buildSettings = {
				ASSETCATALOG_COMPILER_APPICON_NAME = AppIcon;
				ASSETCATALOG_COMPILER_GLOBAL_ACCENT_COLOR_NAME = AccentColor;
				CODE_SIGN_STYLE = Automatic;
				CURRENT_PROJECT_VERSION = 1;
				GENERATE_INFOPLIST_FILE = YES;
				INFOPLIST_FILE = Parsetagram/Info.plist;
				INFOPLIST_KEY_UIApplicationSupportsIndirectInputEvents = YES;
				INFOPLIST_KEY_UILaunchStoryboardName = LaunchScreen;
				INFOPLIST_KEY_UIMainStoryboardFile = Main;
				INFOPLIST_KEY_UISupportedInterfaceOrientations_iPad = "UIInterfaceOrientationPortrait UIInterfaceOrientationPortraitUpsideDown UIInterfaceOrientationLandscapeLeft UIInterfaceOrientationLandscapeRight";
				INFOPLIST_KEY_UISupportedInterfaceOrientations_iPhone = "UIInterfaceOrientationPortrait UIInterfaceOrientationLandscapeLeft UIInterfaceOrientationLandscapeRight";
				LD_RUNPATH_SEARCH_PATHS = (
					"$(inherited)",
					"@executable_path/Frameworks",
				);
				MARKETING_VERSION = 1.0;
				PRODUCT_BUNDLE_IDENTIFIER = stevenarvelo01.Parsetagram;
				PRODUCT_NAME = "$(TARGET_NAME)";
				SWIFT_EMIT_LOC_STRINGS = YES;
				SWIFT_VERSION = 5.0;
				TARGETED_DEVICE_FAMILY = "1,2";
			};
			name = Debug;
		};
		86CFC59E27137365008F3993 /* Release */ = {
			isa = XCBuildConfiguration;
			baseConfigurationReference = E452E123905ABAF948BA160A /* Pods-Parsetagram.release.xcconfig */;
			buildSettings = {
				ASSETCATALOG_COMPILER_APPICON_NAME = AppIcon;
				ASSETCATALOG_COMPILER_GLOBAL_ACCENT_COLOR_NAME = AccentColor;
				CODE_SIGN_STYLE = Automatic;
				CURRENT_PROJECT_VERSION = 1;
				GENERATE_INFOPLIST_FILE = YES;
				INFOPLIST_FILE = Parsetagram/Info.plist;
				INFOPLIST_KEY_UIApplicationSupportsIndirectInputEvents = YES;
				INFOPLIST_KEY_UILaunchStoryboardName = LaunchScreen;
				INFOPLIST_KEY_UIMainStoryboardFile = Main;
				INFOPLIST_KEY_UISupportedInterfaceOrientations_iPad = "UIInterfaceOrientationPortrait UIInterfaceOrientationPortraitUpsideDown UIInterfaceOrientationLandscapeLeft UIInterfaceOrientationLandscapeRight";
				INFOPLIST_KEY_UISupportedInterfaceOrientations_iPhone = "UIInterfaceOrientationPortrait UIInterfaceOrientationLandscapeLeft UIInterfaceOrientationLandscapeRight";
				LD_RUNPATH_SEARCH_PATHS = (
					"$(inherited)",
					"@executable_path/Frameworks",
				);
				MARKETING_VERSION = 1.0;
				PRODUCT_BUNDLE_IDENTIFIER = stevenarvelo01.Parsetagram;
				PRODUCT_NAME = "$(TARGET_NAME)";
				SWIFT_EMIT_LOC_STRINGS = YES;
				SWIFT_VERSION = 5.0;
				TARGETED_DEVICE_FAMILY = "1,2";
			};
			name = Release;
		};
		86CFC5A027137365008F3993 /* Debug */ = {
			isa = XCBuildConfiguration;
			baseConfigurationReference = 07A7085D9805E6BAAB7EE998 /* Pods-ParsetagramTests.debug.xcconfig */;
			buildSettings = {
				ALWAYS_EMBED_SWIFT_STANDARD_LIBRARIES = YES;
				BUNDLE_LOADER = "$(TEST_HOST)";
				CODE_SIGN_STYLE = Automatic;
				CURRENT_PROJECT_VERSION = 1;
				GENERATE_INFOPLIST_FILE = YES;
				IPHONEOS_DEPLOYMENT_TARGET = 15.0;
				LD_RUNPATH_SEARCH_PATHS = (
					"$(inherited)",
					"@executable_path/Frameworks",
					"@loader_path/Frameworks",
				);
				MARKETING_VERSION = 1.0;
				PRODUCT_BUNDLE_IDENTIFIER = stevenarvelo01.ParsetagramTests;
				PRODUCT_NAME = "$(TARGET_NAME)";
				SWIFT_EMIT_LOC_STRINGS = NO;
				SWIFT_VERSION = 5.0;
				TARGETED_DEVICE_FAMILY = "1,2";
				TEST_HOST = "$(BUILT_PRODUCTS_DIR)/Parsetagram.app/Parsetagram";
			};
			name = Debug;
		};
		86CFC5A127137365008F3993 /* Release */ = {
			isa = XCBuildConfiguration;
			baseConfigurationReference = A9E3787BC7F50D906E6BB4D9 /* Pods-ParsetagramTests.release.xcconfig */;
			buildSettings = {
				ALWAYS_EMBED_SWIFT_STANDARD_LIBRARIES = YES;
				BUNDLE_LOADER = "$(TEST_HOST)";
				CODE_SIGN_STYLE = Automatic;
				CURRENT_PROJECT_VERSION = 1;
				GENERATE_INFOPLIST_FILE = YES;
				IPHONEOS_DEPLOYMENT_TARGET = 15.0;
				LD_RUNPATH_SEARCH_PATHS = (
					"$(inherited)",
					"@executable_path/Frameworks",
					"@loader_path/Frameworks",
				);
				MARKETING_VERSION = 1.0;
				PRODUCT_BUNDLE_IDENTIFIER = stevenarvelo01.ParsetagramTests;
				PRODUCT_NAME = "$(TARGET_NAME)";
				SWIFT_EMIT_LOC_STRINGS = NO;
				SWIFT_VERSION = 5.0;
				TARGETED_DEVICE_FAMILY = "1,2";
				TEST_HOST = "$(BUILT_PRODUCTS_DIR)/Parsetagram.app/Parsetagram";
			};
			name = Release;
		};
		86CFC5A327137365008F3993 /* Debug */ = {
			isa = XCBuildConfiguration;
			baseConfigurationReference = 7B454B0ACD1AA50D31C86FA6 /* Pods-Parsetagram-ParsetagramUITests.debug.xcconfig */;
			buildSettings = {
				ALWAYS_EMBED_SWIFT_STANDARD_LIBRARIES = YES;
				CODE_SIGN_STYLE = Automatic;
				CURRENT_PROJECT_VERSION = 1;
				GENERATE_INFOPLIST_FILE = YES;
				LD_RUNPATH_SEARCH_PATHS = (
					"$(inherited)",
					"@executable_path/Frameworks",
					"@loader_path/Frameworks",
				);
				MARKETING_VERSION = 1.0;
				PRODUCT_BUNDLE_IDENTIFIER = stevenarvelo01.ParsetagramUITests;
				PRODUCT_NAME = "$(TARGET_NAME)";
				SWIFT_EMIT_LOC_STRINGS = NO;
				SWIFT_VERSION = 5.0;
				TARGETED_DEVICE_FAMILY = "1,2";
				TEST_TARGET_NAME = Parsetagram;
			};
			name = Debug;
		};
		86CFC5A427137365008F3993 /* Release */ = {
			isa = XCBuildConfiguration;
			baseConfigurationReference = 8CDA2FDE19131EBD0308A7FF /* Pods-Parsetagram-ParsetagramUITests.release.xcconfig */;
			buildSettings = {
				ALWAYS_EMBED_SWIFT_STANDARD_LIBRARIES = YES;
				CODE_SIGN_STYLE = Automatic;
				CURRENT_PROJECT_VERSION = 1;
				GENERATE_INFOPLIST_FILE = YES;
				LD_RUNPATH_SEARCH_PATHS = (
					"$(inherited)",
					"@executable_path/Frameworks",
					"@loader_path/Frameworks",
				);
				MARKETING_VERSION = 1.0;
				PRODUCT_BUNDLE_IDENTIFIER = stevenarvelo01.ParsetagramUITests;
				PRODUCT_NAME = "$(TARGET_NAME)";
				SWIFT_EMIT_LOC_STRINGS = NO;
				SWIFT_VERSION = 5.0;
				TARGETED_DEVICE_FAMILY = "1,2";
				TEST_TARGET_NAME = Parsetagram;
			};
			name = Release;
		};
/* End XCBuildConfiguration section */

/* Begin XCConfigurationList section */
		86CFC56D27137361008F3993 /* Build configuration list for PBXProject "Parsetagram" */ = {
			isa = XCConfigurationList;
			buildConfigurations = (
				86CFC59A27137365008F3993 /* Debug */,
				86CFC59B27137365008F3993 /* Release */,
			);
			defaultConfigurationIsVisible = 0;
			defaultConfigurationName = Release;
		};
		86CFC59C27137365008F3993 /* Build configuration list for PBXNativeTarget "Parsetagram" */ = {
			isa = XCConfigurationList;
			buildConfigurations = (
				86CFC59D27137365008F3993 /* Debug */,
				86CFC59E27137365008F3993 /* Release */,
			);
			defaultConfigurationIsVisible = 0;
			defaultConfigurationName = Release;
		};
		86CFC59F27137365008F3993 /* Build configuration list for PBXNativeTarget "ParsetagramTests" */ = {
			isa = XCConfigurationList;
			buildConfigurations = (
				86CFC5A027137365008F3993 /* Debug */,
				86CFC5A127137365008F3993 /* Release */,
			);
			defaultConfigurationIsVisible = 0;
			defaultConfigurationName = Release;
		};
		86CFC5A227137365008F3993 /* Build configuration list for PBXNativeTarget "ParsetagramUITests" */ = {
			isa = XCConfigurationList;
			buildConfigurations = (
				86CFC5A327137365008F3993 /* Debug */,
				86CFC5A427137365008F3993 /* Release */,
			);
			defaultConfigurationIsVisible = 0;
			defaultConfigurationName = Release;
		};
/* End XCConfigurationList section */
	};
	rootObject = 86CFC56A27137361008F3993 /* Project object */;
}
